
Microsoft Visual Studio Solution File, Format Version 12.00
# Visual Studio Version 17
VisualStudioVersion = 17.5.33209.295
MinimumVisualStudioVersion = 10.0.40219.1
Project("{FAE04EC0-301F-11D3-BF4B-00C04F79EFBC}") = "GeoLocations.PL.Net.DataLoader.Console", "GeoLocations\GeoLocations.PL.Net.DataLoader.Console.csproj", "{E29E3346-289A-44BD-A5BC-074BBBE898CB}"
EndProject
Project("{FAE04EC0-301F-11D3-BF4B-00C04F79EFBC}") = "GeoLocations.TL.BL.Net.UnitTests", "GeoLocations.UnitTests\GeoLocations.TL.BL.Net.UnitTests.csproj", "{FE959B4D-D9F7-47F4-8B44-EDF8B2486039}"
EndProject
Project("{2150E333-8FDC-42A3-9474-1A3956D46DE8}") = "Solution Items", "Solution Items", "{137752A5-CB82-49E7-BF24-598DC555BCC5}"
	ProjectSection(SolutionItems) = preProject
		README.md = README.md
	EndProjectSection
EndProject
Project("{FAE04EC0-301F-11D3-BF4B-00C04F79EFBC}") = "GeoLocations.Net.BL", "GeoLocations.Net.BL\GeoLocations.Net.BL.csproj", "{FDA1FE82-3AB0-4919-9B91-B22BD9454A75}"
EndProject
Project("{FAE04EC0-301F-11D3-BF4B-00C04F79EFBC}") = "GeoLocations.PL.Win.Forms", "GeoLocations.PL.Win.Forms\GeoLocations.PL.Win.Forms.csproj", "{515E7B40-6F28-4A86-BF70-9575FF387B28}"
EndProject
Global
	GlobalSection(SolutionConfigurationPlatforms) = preSolution
		Debug|Any CPU = Debug|Any CPU
		Release|Any CPU = Release|Any CPU
	EndGlobalSection
	GlobalSection(ProjectConfigurationPlatforms) = postSolution
		{E29E3346-289A-44BD-A5BC-074BBBE898CB}.Debug|Any CPU.ActiveCfg = Debug|Any CPU
		{E29E3346-289A-44BD-A5BC-074BBBE898CB}.Debug|Any CPU.Build.0 = Debug|Any CPU
		{E29E3346-289A-44BD-A5BC-074BBBE898CB}.Release|Any CPU.ActiveCfg = Release|Any CPU
		{E29E3346-289A-44BD-A5BC-074BBBE898CB}.Release|Any CPU.Build.0 = Release|Any CPU
		{FE959B4D-D9F7-47F4-8B44-EDF8B2486039}.Debug|Any CPU.ActiveCfg = Debug|Any CPU
		{FE959B4D-D9F7-47F4-8B44-EDF8B2486039}.Debug|Any CPU.Build.0 = Debug|Any CPU
		{FE959B4D-D9F7-47F4-8B44-EDF8B2486039}.Release|Any CPU.ActiveCfg = Release|Any CPU
		{FE959B4D-D9F7-47F4-8B44-EDF8B2486039}.Release|Any CPU.Build.0 = Release|Any CPU
		{FDA1FE82-3AB0-4919-9B91-B22BD9454A75}.Debug|Any CPU.ActiveCfg = Debug|Any CPU
		{FDA1FE82-3AB0-4919-9B91-B22BD9454A75}.Debug|Any CPU.Build.0 = Debug|Any CPU
		{FDA1FE82-3AB0-4919-9B91-B22BD9454A75}.Release|Any CPU.ActiveCfg = Release|Any CPU
		{FDA1FE82-3AB0-4919-9B91-B22BD9454A75}.Release|Any CPU.Build.0 = Release|Any CPU
		{515E7B40-6F28-4A86-BF70-9575FF387B28}.Debug|Any CPU.ActiveCfg = Debug|Any CPU
		{515E7B40-6F28-4A86-BF70-9575FF387B28}.Debug|Any CPU.Build.0 = Debug|Any CPU
		{515E7B40-6F28-4A86-BF70-9575FF387B28}.Release|Any CPU.ActiveCfg = Release|Any CPU
		{515E7B40-6F28-4A86-BF70-9575FF387B28}.Release|Any CPU.Build.0 = Release|Any CPU
	EndGlobalSection
	GlobalSection(SolutionProperties) = preSolution
		HideSolutionNode = FALSE
	EndGlobalSection
	GlobalSection(ExtensibilityGlobals) = postSolution
		SolutionGuid = {A97A554A-DFBC-4ADA-93FC-6FCA245CBE39}
	EndGlobalSection
EndGlobal
